
Microsoft Visual Studio Solution File, Format Version 12.00
# Visual Studio 15
VisualStudioVersion = 15.0.27130.2036
MinimumVisualStudioVersion = 10.0.40219.1
Project("{FAE04EC0-301F-11D3-BF4B-00C04F79EFBC}") = "MovieDatabase", "MovieDatabase\MovieDatabase.csproj", "{D5510C0B-F10A-4255-ACAE-4790AB6CB216}"
EndProject
Project("{FAE04EC0-301F-11D3-BF4B-00C04F79EFBC}") = "MovieDatabase.Data", "Movies.Data\MovieDatabase.Data.csproj", "{1174162C-E523-4B23-9D3F-9634A7330749}"
EndProject
Project("{FAE04EC0-301F-11D3-BF4B-00C04F79EFBC}") = "MovieDatabase.Domain", "Movies.Domain\MovieDatabase.Domain.csproj", "{E3391650-587A-427E-A6BE-DE07507EEDB4}"
EndProject
Project("{2150E333-8FDC-42A3-9474-1A3956D46DE8}") = "API", "API", "{0E6D1E20-5E87-4A77-991E-C8653099A82B}"
	ProjectSection(SolutionItems) = preProject
		MovieApp.js = MovieApp.js
		MovieIndex.html = MovieIndex.html
	EndProjectSection
EndProject
Global
	GlobalSection(SolutionConfigurationPlatforms) = preSolution
		Debug|Any CPU = Debug|Any CPU
		Release|Any CPU = Release|Any CPU
	EndGlobalSection
	GlobalSection(ProjectConfigurationPlatforms) = postSolution
		{D5510C0B-F10A-4255-ACAE-4790AB6CB216}.Debug|Any CPU.ActiveCfg = Debug|Any CPU
		{D5510C0B-F10A-4255-ACAE-4790AB6CB216}.Debug|Any CPU.Build.0 = Debug|Any CPU
		{D5510C0B-F10A-4255-ACAE-4790AB6CB216}.Release|Any CPU.ActiveCfg = Release|Any CPU
		{D5510C0B-F10A-4255-ACAE-4790AB6CB216}.Release|Any CPU.Build.0 = Release|Any CPU
		{1174162C-E523-4B23-9D3F-9634A7330749}.Debug|Any CPU.ActiveCfg = Debug|Any CPU
		{1174162C-E523-4B23-9D3F-9634A7330749}.Debug|Any CPU.Build.0 = Debug|Any CPU
		{1174162C-E523-4B23-9D3F-9634A7330749}.Release|Any CPU.ActiveCfg = Release|Any CPU
		{1174162C-E523-4B23-9D3F-9634A7330749}.Release|Any CPU.Build.0 = Release|Any CPU
		{E3391650-587A-427E-A6BE-DE07507EEDB4}.Debug|Any CPU.ActiveCfg = Debug|Any CPU
		{E3391650-587A-427E-A6BE-DE07507EEDB4}.Debug|Any CPU.Build.0 = Debug|Any CPU
		{E3391650-587A-427E-A6BE-DE07507EEDB4}.Release|Any CPU.ActiveCfg = Release|Any CPU
		{E3391650-587A-427E-A6BE-DE07507EEDB4}.Release|Any CPU.Build.0 = Release|Any CPU
	EndGlobalSection
	GlobalSection(SolutionProperties) = preSolution
		HideSolutionNode = FALSE
	EndGlobalSection
	GlobalSection(ExtensibilityGlobals) = postSolution
		SolutionGuid = {28847FEC-FEDD-43DF-8775-563CC39A7DC1}
	EndGlobalSection
EndGlobal
